// !$*UTF8*$!
{
	archiveVersion = 1;
	classes = {
	};
	objectVersion = 56;
	objects = {

/* Begin PBXBuildFile section */
		A10000000000000000000013 /* NotionSiteFetch in Frameworks */ = {isa = PBXBuildFile; productRef = A10000000000000000000010 /* NotionSiteFetch */; };
		A10000000000000000000014 /* main.swift in Sources */ = {isa = PBXBuildFile; fileRef = A10000000000000000000004 /* main.swift */; };
/* End PBXBuildFile section */

/* Begin PBXFileReference section */
		A10000000000000000000003 /* Host */ = {isa = PBXFileReference; explicitFileType = "compiled.mach-o.executable"; includeInIndex = 0; path = Host; sourceTree = BUILT_PRODUCTS_DIR; };
		A10000000000000000000004 /* main.swift */ = {isa = PBXFileReference; lastKnownFileType = sourcecode.swift; path = main.swift; sourceTree = "<group>"; };
/* End PBXFileReference section */

/* Begin PBXFrameworksBuildPhase section */
		A10000000000000000000008 /* Frameworks */ = {
			isa = PBXFrameworksBuildPhase;
			buildActionMask = 2147483647;
			files = (
				A10000000000000000000013 /* NotionSiteFetch in Frameworks */,
			);
			runOnlyForDeploymentPostprocessing = 0;
		};
/* End PBXFrameworksBuildPhase section */

/* Begin PBXGroup section */
		A10000000000000000000006 /* Products */ = {
			isa = PBXGroup;
			children = (
				A10000000000000000000003 /* Host */,
			);
			name = Products;
			sourceTree = "<group>";
		};
		A10000000000000000000012 /* Root */ = {
			isa = PBXGroup;
			children = (
				A10000000000000000000004 /* main.swift */,
				A10000000000000000000006 /* Products */,
			);
			sourceTree = "<group>";
		};
/* End PBXGroup section */

/* Begin PBXNativeTarget section */
		A10000000000000000000002 /* Host */ = {
			isa = PBXNativeTarget;
			buildConfigurationList = A1000000000000000000000D /* Build configuration list for PBXNativeTarget "Host" */;
			buildPhases = (
				A10000000000000000000007 /* Sources */,
				A10000000000000000000008 /* Frameworks */,
			);
			buildRules = (
			);
			dependencies = (
			);
			name = Host;
			packageProductDependencies = (
				A10000000000000000000010 /* NotionSiteFetch */,
			);
			productName = Host;
			productReference = A10000000000000000000003 /* Host */;
			productType = "com.apple.product-type.tool";
		};
/* End PBXNativeTarget section */

/* Begin PBXProject section */
		A10000000000000000000001 /* Project object */ = {
			isa = PBXProject;
			attributes = {
				BuildIndependentTargetsInParallel = 1;
				LastSwiftUpdateCheck = 1540;
				LastUpgradeCheck = 1540;
			};
			buildConfigurationList = A1000000000000000000000E /* Build configuration list for PBXProject "Host" */;
			compatibilityVersion = "Xcode 14.0";
			developmentRegion = en;
			hasScannedForEncodings = 0;
			knownRegions = (
				en,
				Base,
			);
			mainGroup = A10000000000000000000012 /* Root */;
			packageReferences = (
				A1000000000000000000000F /* XCLocalSwiftPackageReference "../.." */,
			);
			productRefGroup = A10000000000000000000006 /* Products */;
			projectDirPath = "";
			projectRoot = "";
			targets = (
				A10000000000000000000002 /* Host */,
			);
		};
/* End PBXProject section */

/* Begin PBXSourcesBuildPhase section */
		A10000000000000000000007 /* Sources */ = {
			isa = PBXSourcesBuildPhase;
			buildActionMask = 2147483647;
			files = (
				A10000000000000000000014 /* main.swift in Sources */,
			);
			runOnlyForDeploymentPostprocessing = 0;
		};
/* End PBXSourcesBuildPhase section */

/* Begin XCBuildConfiguration section */
		A10000000000000000000009 /* Debug */ = {
			isa = XCBuildConfiguration;
			buildSettings = {
				CODE_SIGN_IDENTITY = "-";
				CODE_SIGNING_REQUIRED = NO;
				COMBINE_HIDPI_IMAGES = YES;
				GENERATE_INFOPLIST_FILE = YES;
				MACOSX_DEPLOYMENT_TARGET = 13.0;
				PRODUCT_NAME = "$(TARGET_NAME)";
				SDKROOT = macosx;
				SWIFT_VERSION = 5.0;
			};
			name = Debug;
		};
		A1000000000000000000000A /* Release */ = {
			isa = XCBuildConfiguration;
			buildSettings = {
				CODE_SIGN_IDENTITY = "-";
				CODE_SIGNING_REQUIRED = NO;
				COMBINE_HIDPI_IMAGES = YES;
				GENERATE_INFOPLIST_FILE = YES;
				MACOSX_DEPLOYMENT_TARGET = 13.0;
				PRODUCT_NAME = "$(TARGET_NAME)";
				SDKROOT = macosx;
				SWIFT_VERSION = 5.0;
			};
			name = Release;
		};
		A1000000000000000000000B /* Debug */ = {
			isa = XCBuildConfiguration;
			buildSettings = {
				ALWAYS_SEARCH_USER_PATHS = NO;
				CLANG_ENABLE_MODULES = YES;
				COPY_PHASE_STRIP = NO;
				DEBUG_INFORMATION_FORMAT = dwarf;
				ENABLE_TESTABILITY = YES;
				MACOSX_DEPLOYMENT_TARGET = 13.0;
				ONLY_ACTIVE_ARCH = YES;
				SDKROOT = macosx;
				SWIFT_ACTIVE_COMPILATION_CONDITIONS = DEBUG;
				SWIFT_OPTIMIZATION_LEVEL = "-Onone";
				SWIFT_VERSION = 5.0;
			};
			name = Debug;
		};
		A1000000000000000000000C /* Release */ = {
			isa = XCBuildConfiguration;
			buildSettings = {
				ALWAYS_SEARCH_USER_PATHS = NO;
				CLANG_ENABLE_MODULES = YES;
				COPY_PHASE_STRIP = NO;
				DEBUG_INFORMATION_FORMAT = "dwarf-with-dsym";
				MACOSX_DEPLOYMENT_TARGET = 13.0;
				SDKROOT = macosx;
				SWIFT_COMPILATION_MODE = wholemodule;
				SWIFT_VERSION = 5.0;
			};
			name = Release;
		};
/* End XCBuildConfiguration section */

/* Begin XCConfigurationList section */
		A1000000000000000000000D /* Build configuration list for PBXNativeTarget "Host" */ = {
			isa = XCConfigurationList;
			buildConfigurations = (
				A10000000000000000000009 /* Debug */,
				A1000000000000000000000A /* Release */,
			);
			defaultConfigurationIsVisible = 0;
			defaultConfigurationName = Release;
		};
		A1000000000000000000000E /* Build configuration list for PBXProject "Host" */ = {
			isa = XCConfigurationList;
			buildConfigurations = (
				A1000000000000000000000B /* Debug */,
				A1000000000000000000000C /* Release */,
			);
			defaultConfigurationIsVisible = 0;
			defaultConfigurationName = Release;
		};
/* End XCConfigurationList section */

/* Begin XCLocalSwiftPackageReference section */
		A1000000000000000000000F /* XCLocalSwiftPackageReference "../.." */ = {
			isa = XCLocalSwiftPackageReference;
			relativePath = ../..;
		};
/* End XCLocalSwiftPackageReference section */

/* Begin XCSwiftPackageProductDependency section */
		A10000000000000000000010 /* NotionSiteFetch */ = {
			isa = XCSwiftPackageProductDependency;
			package = A1000000000000000000000F /* XCLocalSwiftPackageReference "../.." */;
			productName = NotionSiteFetch;
		};
/* End XCSwiftPackageProductDependency section */
	};
	rootObject = A10000000000000000000001 /* Project object */;
}
